// !$*UTF8*$!
{
	archiveVersion = 1;
	classes = {
	};
	objectVersion = 46;
	objects = {

/* Begin PBXBuildFile section */
		D6B504E31D9278160044D940 /* main.m in Sources */ = {isa = PBXBuildFile; fileRef = D6B504E21D9278160044D940 /* main.m */; };
		D6B504E61D9278160044D940 /* AppDelegate.m in Sources */ = {isa = PBXBuildFile; fileRef = D6B504E51D9278160044D940 /* AppDelegate.m */; };
		D6B504E91D9278160044D940 /* ViewController.m in Sources */ = {isa = PBXBuildFile; fileRef = D6B504E81D9278160044D940 /* ViewController.m */; };
		D6B504EC1D9278160044D940 /* Main.storyboard in Resources */ = {isa = PBXBuildFile; fileRef = D6B504EA1D9278160044D940 /* Main.storyboard */; };
		D6B504EE1D9278160044D940 /* Assets.xcassets in Resources */ = {isa = PBXBuildFile; fileRef = D6B504ED1D9278160044D940 /* Assets.xcassets */; };
		D6B504F11D9278160044D940 /* LaunchScreen.storyboard in Resources */ = {isa = PBXBuildFile; fileRef = D6B504EF1D9278160044D940 /* LaunchScreen.storyboard */; };
/* End PBXBuildFile section */

/* Begin PBXFileReference section */
		D6B504DE1D9278160044D940 /* woofnroof-ios.app */ = {isa = PBXFileReference; explicitFileType = wrapper.application; includeInIndex = 0; path = "woofnroof-ios.app"; sourceTree = BUILT_PRODUCTS_DIR; };
		D6B504E21D9278160044D940 /* main.m */ = {isa = PBXFileReference; lastKnownFileType = sourcecode.c.objc; path = main.m; sourceTree = "<group>"; };
		D6B504E41D9278160044D940 /* AppDelegate.h */ = {isa = PBXFileReference; lastKnownFileType = sourcecode.c.h; path = AppDelegate.h; sourceTree = "<group>"; };
		D6B504E51D9278160044D940 /* AppDelegate.m */ = {isa = PBXFileReference; lastKnownFileType = sourcecode.c.objc; path = AppDelegate.m; sourceTree = "<group>"; };
		D6B504E71D9278160044D940 /* ViewController.h */ = {isa = PBXFileReference; lastKnownFileType = sourcecode.c.h; path = ViewController.h; sourceTree = "<group>"; };
		D6B504E81D9278160044D940 /* ViewController.m */ = {isa = PBXFileReference; lastKnownFileType = sourcecode.c.objc; path = ViewController.m; sourceTree = "<group>"; };
		D6B504EB1D9278160044D940 /* Base */ = {isa = PBXFileReference; lastKnownFileType = file.storyboard; name = Base; path = Base.lproj/Main.storyboard; sourceTree = "<group>"; };
		D6B504ED1D9278160044D940 /* Assets.xcassets */ = {isa = PBXFileReference; lastKnownFileType = folder.assetcatalog; path = Assets.xcassets; sourceTree = "<group>"; };
		D6B504F01D9278160044D940 /* Base */ = {isa = PBXFileReference; lastKnownFileType = file.storyboard; name = Base; path = Base.lproj/LaunchScreen.storyboard; sourceTree = "<group>"; };
		D6B504F21D9278160044D940 /* Info.plist */ = {isa = PBXFileReference; lastKnownFileType = text.plist.xml; path = Info.plist; sourceTree = "<group>"; };
/* End PBXFileReference section */

/* Begin PBXFrameworksBuildPhase section */
		D6B504DB1D9278160044D940 /* Frameworks */ = {
			isa = PBXFrameworksBuildPhase;
			buildActionMask = 2147483647;
			files = (
			);
			runOnlyForDeploymentPostprocessing = 0;
		};
/* End PBXFrameworksBuildPhase section */

/* Begin PBXGroup section */
		D6B504D51D9278160044D940 = {
			isa = PBXGroup;
			children = (
				D6B504E01D9278160044D940 /* woofnroof-ios */,
				D6B504DF1D9278160044D940 /* Products */,
			);
			sourceTree = "<group>";
		};
		D6B504DF1D9278160044D940 /* Products */ = {
			isa = PBXGroup;
			children = (
				D6B504DE1D9278160044D940 /* woofnroof-ios.app */,
			);
			name = Products;
			sourceTree = "<group>";
		};
		D6B504E01D9278160044D940 /* woofnroof-ios */ = {
			isa = PBXGroup;
			children = (
				D6B504E41D9278160044D940 /* AppDelegate.h */,
				D6B504E51D9278160044D940 /* AppDelegate.m */,
				D6B504E71D9278160044D940 /* ViewController.h */,
				D6B504E81D9278160044D940 /* ViewController.m */,
				D6B504EA1D9278160044D940 /* Main.storyboard */,
				D6B504ED1D9278160044D940 /* Assets.xcassets */,
				D6B504EF1D9278160044D940 /* LaunchScreen.storyboard */,
				D6B504F21D9278160044D940 /* Info.plist */,
				D6B504E11D9278160044D940 /* Supporting Files */,
			);
			path = "woofnroof-ios";
			sourceTree = "<group>";
		};
		D6B504E11D9278160044D940 /* Supporting Files */ = {
			isa = PBXGroup;
			children = (
				D6B504E21D9278160044D940 /* main.m */,
			);
			name = "Supporting Files";
			sourceTree = "<group>";
		};
/* End PBXGroup section */

/* Begin PBXNativeTarget section */
		D6B504DD1D9278160044D940 /* woofnroof-ios */ = {
			isa = PBXNativeTarget;
			buildConfigurationList = D6B504F51D9278160044D940 /* Build configuration list for PBXNativeTarget "woofnroof-ios" */;
			buildPhases = (
				D6B504DA1D9278160044D940 /* Sources */,
				D6B504DB1D9278160044D940 /* Frameworks */,
				D6B504DC1D9278160044D940 /* Resources */,
			);
			buildRules = (
			);
			dependencies = (
			);
			name = "woofnroof-ios";
			productName = "woofnroof-ios";
			productReference = D6B504DE1D9278160044D940 /* woofnroof-ios.app */;
			productType = "com.apple.product-type.application";
		};
/* End PBXNativeTarget section */

/* Begin PBXProject section */
		D6B504D61D9278160044D940 /* Project object */ = {
			isa = PBXProject;
			attributes = {
				LastUpgradeCheck = 0730;
				ORGANIZATIONNAME = "Prabh Kiran Kaur";
				TargetAttributes = {
					D6B504DD1D9278160044D940 = {
						CreatedOnToolsVersion = 7.3.1;
					};
				};
			};
			buildConfigurationList = D6B504D91D9278160044D940 /* Build configuration list for PBXProject "woofnroof-ios" */;
			compatibilityVersion = "Xcode 3.2";
			developmentRegion = English;
			hasScannedForEncodings = 0;
			knownRegions = (
				en,
				Base,
			);
			mainGroup = D6B504D51D9278160044D940;
			productRefGroup = D6B504DF1D9278160044D940 /* Products */;
			projectDirPath = "";
			projectRoot = "";
			targets = (
				D6B504DD1D9278160044D940 /* woofnroof-ios */,
			);
		};
/* End PBXProject section */

/* Begin PBXResourcesBuildPhase section */
		D6B504DC1D9278160044D940 /* Resources */ = {
			isa = PBXResourcesBuildPhase;
			buildActionMask = 2147483647;
			files = (
				D6B504F11D9278160044D940 /* LaunchScreen.storyboard in Resources */,
				D6B504EE1D9278160044D940 /* Assets.xcassets in Resources */,
				D6B504EC1D9278160044D940 /* Main.storyboard in Resources */,
			);
			runOnlyForDeploymentPostprocessing = 0;
		};
/* End PBXResourcesBuildPhase section */

/* Begin PBXSourcesBuildPhase section */
		D6B504DA1D9278160044D940 /* Sources */ = {
			isa = PBXSourcesBuildPhase;
			buildActionMask = 2147483647;
			files = (
				D6B504E91D9278160044D940 /* ViewController.m in Sources */,
				D6B504E61D9278160044D940 /* AppDelegate.m in Sources */,
				D6B504E31D9278160044D940 /* main.m in Sources */,
			);
			runOnlyForDeploymentPostprocessing = 0;
		};
/* End PBXSourcesBuildPhase section */

/* Begin PBXVariantGroup section */
		D6B504EA1D9278160044D940 /* Main.storyboard */ = {
			isa = PBXVariantGroup;
			children = (
				D6B504EB1D9278160044D940 /* Base */,
			);
			name = Main.storyboard;
			sourceTree = "<group>";
		};
		D6B504EF1D9278160044D940 /* LaunchScreen.storyboard */ = {
			isa = PBXVariantGroup;
			children = (
				D6B504F01D9278160044D940 /* Base */,
			);
			name = LaunchScreen.storyboard;
			sourceTree = "<group>";
		};
/* End PBXVariantGroup section */

/* Begin XCBuildConfiguration section */
		D6B504F31D9278160044D940 /* Debug */ = {
			isa = XCBuildConfiguration;
			buildSettings = {
				ALWAYS_SEARCH_USER_PATHS = NO;
				CLANG_ANALYZER_NONNULL = YES;
				CLANG_CXX_LANGUAGE_STANDARD = "gnu++0x";
				CLANG_CXX_LIBRARY = "libc++";
				CLANG_ENABLE_MODULES = YES;
				CLANG_ENABLE_OBJC_ARC = YES;
				CLANG_WARN_BOOL_CONVERSION = YES;
				CLANG_WARN_CONSTANT_CONVERSION = YES;
				CLANG_WARN_DIRECT_OBJC_ISA_USAGE = YES_ERROR;
				CLANG_WARN_EMPTY_BODY = YES;
				CLANG_WARN_ENUM_CONVERSION = YES;
				CLANG_WARN_INT_CONVERSION = YES;
				CLANG_WARN_OBJC_ROOT_CLASS = YES_ERROR;
				CLANG_WARN_UNREACHABLE_CODE = YES;
				CLANG_WARN__DUPLICATE_METHOD_MATCH = YES;
				"CODE_SIGN_IDENTITY[sdk=iphoneos*]" = "iPhone Developer";
				COPY_PHASE_STRIP = NO;
				DEBUG_INFORMATION_FORMAT = dwarf;
				ENABLE_STRICT_OBJC_MSGSEND = YES;
				ENABLE_TESTABILITY = YES;
				GCC_C_LANGUAGE_STANDARD = gnu99;
				GCC_DYNAMIC_NO_PIC = NO;
				GCC_NO_COMMON_BLOCKS = YES;
				GCC_OPTIMIZATION_LEVEL = 0;
				GCC_PREPROCESSOR_DEFINITIONS = (
					"DEBUG=1",
					"$(inherited)",
				);
				GCC_WARN_64_TO_32_BIT_CONVERSION = YES;
				GCC_WARN_ABOUT_RETURN_TYPE = YES_ERROR;
				GCC_WARN_UNDECLARED_SELECTOR = YES;
				GCC_WARN_UNINITIALIZED_AUTOS = YES_AGGRESSIVE;
				GCC_WARN_UNUSED_FUNCTION = YES;
				GCC_WARN_UNUSED_VARIABLE = YES;
				IPHONEOS_DEPLOYMENT_TARGET = 9.3;
				MTL_ENABLE_DEBUG_INFO = YES;
				ONLY_ACTIVE_ARCH = YES;
				SDKROOT = iphoneos;
				TARGETED_DEVICE_FAMILY = "1,2";
			};
			name = Debug;
		};
		D6B504F41D9278160044D940 /* Release */ = {
			isa = XCBuildConfiguration;
			buildSettings = {
				ALWAYS_SEARCH_USER_PATHS = NO;
				CLANG_ANALYZER_NONNULL = YES;
				CLANG_CXX_LANGUAGE_STANDARD = "gnu++0x";
				CLANG_CXX_LIBRARY = "libc++";
				CLANG_ENABLE_MODULES = YES;
				CLANG_ENABLE_OBJC_ARC = YES;
				CLANG_WARN_BOOL_CONVERSION = YES;
				CLANG_WARN_CONSTANT_CONVERSION = YES;
				CLANG_WARN_DIRECT_OBJC_ISA_USAGE = YES_ERROR;
				CLANG_WARN_EMPTY_BODY = YES;
				CLANG_WARN_ENUM_CONVERSION = YES;
				CLANG_WARN_INT_CONVERSION = YES;
				CLANG_WARN_OBJC_ROOT_CLASS = YES_ERROR;
				CLANG_WARN_UNREACHABLE_CODE = YES;
				CLANG_WARN__DUPLICATE_METHOD_MATCH = YES;
				"CODE_SIGN_IDENTITY[sdk=iphoneos*]" = "iPhone Developer";
				COPY_PHASE_STRIP = NO;
				DEBUG_INFORMATION_FORMAT = "dwarf-with-dsym";
				ENABLE_NS_ASSERTIONS = NO;
				ENABLE_STRICT_OBJC_MSGSEND = YES;
				GCC_C_LANGUAGE_STANDARD = gnu99;
				GCC_NO_COMMON_BLOCKS = YES;
				GCC_WARN_64_TO_32_BIT_CONVERSION = YES;
				GCC_WARN_ABOUT_RETURN_TYPE = YES_ERROR;
				GCC_WARN_UNDECLARED_SELECTOR = YES;
				GCC_WARN_UNINITIALIZED_AUTOS = YES_AGGRESSIVE;
				GCC_WARN_UNUSED_FUNCTION = YES;
				GCC_WARN_UNUSED_VARIABLE = YES;
				IPHONEOS_DEPLOYMENT_TARGET = 9.3;
				MTL_ENABLE_DEBUG_INFO = NO;
				SDKROOT = iphoneos;
				TARGETED_DEVICE_FAMILY = "1,2";
				VALIDATE_PRODUCT = YES;
			};
			name = Release;
		};
		D6B504F61D9278160044D940 /* Debug */ = {
			isa = XCBuildConfiguration;
			buildSettings = {
				ASSETCATALOG_COMPILER_APPICON_NAME = AppIcon;
				INFOPLIST_FILE = "woofnroof-ios/Info.plist";
				LD_RUNPATH_SEARCH_PATHS = "$(inherited) @executable_path/Frameworks";
				PRODUCT_BUNDLE_IDENTIFIER = "Jesus.woofnroof-ios";
				PRODUCT_NAME = "$(TARGET_NAME)";
			};
			name = Debug;
		};
		D6B504F71D9278160044D940 /* Release */ = {
			isa = XCBuildConfiguration;
			buildSettings = {
				ASSETCATALOG_COMPILER_APPICON_NAME = AppIcon;
				INFOPLIST_FILE = "woofnroof-ios/Info.plist";
				LD_RUNPATH_SEARCH_PATHS = "$(inherited) @executable_path/Frameworks";
				PRODUCT_BUNDLE_IDENTIFIER = "Jesus.woofnroof-ios";
				PRODUCT_NAME = "$(TARGET_NAME)";
			};
			name = Release;
		};
/* End XCBuildConfiguration section */

/* Begin XCConfigurationList section */
		D6B504D91D9278160044D940 /* Build configuration list for PBXProject "woofnroof-ios" */ = {
			isa = XCConfigurationList;
			buildConfigurations = (
				D6B504F31D9278160044D940 /* Debug */,
				D6B504F41D9278160044D940 /* Release */,
			);
			defaultConfigurationIsVisible = 0;
			defaultConfigurationName = Release;
		};
		D6B504F51D9278160044D940 /* Build configuration list for PBXNativeTarget "woofnroof-ios" */ = {
			isa = XCConfigurationList;
			buildConfigurations = (
				D6B504F61D9278160044D940 /* Debug */,
				D6B504F71D9278160044D940 /* Release */,
			);
			defaultConfigurationIsVisible = 0;
		};
/* End XCConfigurationList section */
	};
	rootObject = D6B504D61D9278160044D940 /* Project object */;
}
